
Microsoft Visual Studio Solution File, Format Version 12.00
# Visual Studio Version 16
VisualStudioVersion = 16.0.30517.126
MinimumVisualStudioVersion = 10.0.40219.1
Project("{8BC9CEB8-8B4A-11D0-8D11-00A0C91BC942}") = "С++", "С++.vcxproj", "{EB51381A-769B-4678-BA05-ECF6DBF2A4D6}"
EndProject
Global
	GlobalSection(SolutionConfigurationPlatforms) = preSolution
		Debug|x64 = Debug|x64
		Debug|x86 = Debug|x86
		Release|x64 = Release|x64
		Release|x86 = Release|x86
	EndGlobalSection
	GlobalSection(ProjectConfigurationPlatforms) = postSolution
		{EB51381A-769B-4678-BA05-ECF6DBF2A4D6}.Debug|x64.ActiveCfg = Debug|x64
		{EB51381A-769B-4678-BA05-ECF6DBF2A4D6}.Debug|x64.Build.0 = Debug|x64
		{EB51381A-769B-4678-BA05-ECF6DBF2A4D6}.Debug|x86.ActiveCfg = Debug|Win32
		{EB51381A-769B-4678-BA05-ECF6DBF2A4D6}.Debug|x86.Build.0 = Debug|Win32
		{EB51381A-769B-4678-BA05-ECF6DBF2A4D6}.Release|x64.ActiveCfg = Release|x64
		{EB51381A-769B-4678-BA05-ECF6DBF2A4D6}.Release|x64.Build.0 = Release|x64
		{EB51381A-769B-4678-BA05-ECF6DBF2A4D6}.Release|x86.ActiveCfg = Release|Win32
		{EB51381A-769B-4678-BA05-ECF6DBF2A4D6}.Release|x86.Build.0 = Release|Win32
	EndGlobalSection
	GlobalSection(SolutionProperties) = preSolution
		HideSolutionNode = FALSE
	EndGlobalSection
	GlobalSection(ExtensibilityGlobals) = postSolution
		SolutionGuid = {F64D2CF7-5705-40BD-96B0-B1240367A9A9}
	EndGlobalSection
EndGlobal
